
Microsoft Visual Studio Solution File, Format Version 12.00
# Visual Studio 15
VisualStudioVersion = 15.0.27703.2000
MinimumVisualStudioVersion = 10.0.40219.1
Project("{FAE04EC0-301F-11D3-BF4B-00C04F79EFBC}") = "lab21_registration_page", "lab21_registration_page\lab21_registration_page.csproj", "{AAD5F22C-0D89-4C37-824F-651B5EBFADE7}"
EndProject
Global
	GlobalSection(SolutionConfigurationPlatforms) = preSolution
		Debug|Any CPU = Debug|Any CPU
		Release|Any CPU = Release|Any CPU
	EndGlobalSection
	GlobalSection(ProjectConfigurationPlatforms) = postSolution
		{AAD5F22C-0D89-4C37-824F-651B5EBFADE7}.Debug|Any CPU.ActiveCfg = Debug|Any CPU
		{AAD5F22C-0D89-4C37-824F-651B5EBFADE7}.Debug|Any CPU.Build.0 = Debug|Any CPU
		{AAD5F22C-0D89-4C37-824F-651B5EBFADE7}.Release|Any CPU.ActiveCfg = Release|Any CPU
		{AAD5F22C-0D89-4C37-824F-651B5EBFADE7}.Release|Any CPU.Build.0 = Release|Any CPU
	EndGlobalSection
	GlobalSection(SolutionProperties) = preSolution
		HideSolutionNode = FALSE
	EndGlobalSection
	GlobalSection(ExtensibilityGlobals) = postSolution
		SolutionGuid = {1011DE3C-809E-493F-9825-300C11AF22F2}
	EndGlobalSection
EndGlobal
